
Microsoft Visual Studio Solution File, Format Version 12.00
# Visual Studio Version 17
VisualStudioVersion = 17.5.33530.505
MinimumVisualStudioVersion = 10.0.40219.1
Project("{9A19103F-16F7-4668-BE54-9A1E7A4F7556}") = "TranscribeTranslateDemo.Shared", "TranscribeTranslateDemo.Shared\TranscribeTranslateDemo.Shared.csproj", "{40B6080F-C1DF-463E-AA07-9E701E107B8F}"
EndProject
Project("{9A19103F-16F7-4668-BE54-9A1E7A4F7556}") = "TranscribeTranslateDemo.API", "TranscribeTranslateDemo.API\TranscribeTranslateDemo.API.csproj", "{7565119D-EFD9-49F2-9FDC-CBFC10DE5122}"
EndProject
Project("{9A19103F-16F7-4668-BE54-9A1E7A4F7556}") = "TranscribeTranslateDemo.Web", "TranscribeTranslateDemo.Web\TranscribeTranslateDemo.Web.csproj", "{C83B764C-B828-48F0-9881-0E306331D6FA}"
EndProject
Project("{2150E333-8FDC-42A3-9474-1A3956D46DE8}") = "TranscribeTranslateDemo.Infrastructure", "TranscribeTranslateDemo.Infrastructure", "{30F24333-A9C5-4B65-A71E-173CBFD7054F}"
	ProjectSection(SolutionItems) = preProject
		TranscribeTranslateDemo.Infrastructure\commands.md = TranscribeTranslateDemo.Infrastructure\commands.md
		TranscribeTranslateDemo.Infrastructure\main.bicep = TranscribeTranslateDemo.Infrastructure\main.bicep
		TranscribeTranslateDemo.Infrastructure\README.md = TranscribeTranslateDemo.Infrastructure\README.md
		TranscribeTranslateDemo.Infrastructure\resources.bicep = TranscribeTranslateDemo.Infrastructure\resources.bicep
	EndProjectSection
EndProject
Project("{2150E333-8FDC-42A3-9474-1A3956D46DE8}") = "SolutionFiles", "SolutionFiles", "{A881DF41-A7FD-4937-A203-DD465BBA7258}"
	ProjectSection(SolutionItems) = preProject
		.gitattributes = .gitattributes
		.gitignore = .gitignore
		LICENSE = LICENSE
		README.md = README.md
	EndProjectSection
EndProject
Global
	GlobalSection(SolutionConfigurationPlatforms) = preSolution
		Debug|Any CPU = Debug|Any CPU
		Release|Any CPU = Release|Any CPU
	EndGlobalSection
	GlobalSection(ProjectConfigurationPlatforms) = postSolution
		{40B6080F-C1DF-463E-AA07-9E701E107B8F}.Debug|Any CPU.ActiveCfg = Debug|Any CPU
		{40B6080F-C1DF-463E-AA07-9E701E107B8F}.Debug|Any CPU.Build.0 = Debug|Any CPU
		{40B6080F-C1DF-463E-AA07-9E701E107B8F}.Release|Any CPU.ActiveCfg = Release|Any CPU
		{40B6080F-C1DF-463E-AA07-9E701E107B8F}.Release|Any CPU.Build.0 = Release|Any CPU
		{7565119D-EFD9-49F2-9FDC-CBFC10DE5122}.Debug|Any CPU.ActiveCfg = Debug|Any CPU
		{7565119D-EFD9-49F2-9FDC-CBFC10DE5122}.Debug|Any CPU.Build.0 = Debug|Any CPU
		{7565119D-EFD9-49F2-9FDC-CBFC10DE5122}.Release|Any CPU.ActiveCfg = Release|Any CPU
		{7565119D-EFD9-49F2-9FDC-CBFC10DE5122}.Release|Any CPU.Build.0 = Release|Any CPU
		{C83B764C-B828-48F0-9881-0E306331D6FA}.Debug|Any CPU.ActiveCfg = Debug|Any CPU
		{C83B764C-B828-48F0-9881-0E306331D6FA}.Debug|Any CPU.Build.0 = Debug|Any CPU
		{C83B764C-B828-48F0-9881-0E306331D6FA}.Release|Any CPU.ActiveCfg = Release|Any CPU
		{C83B764C-B828-48F0-9881-0E306331D6FA}.Release|Any CPU.Build.0 = Release|Any CPU
	EndGlobalSection
	GlobalSection(SolutionProperties) = preSolution
		HideSolutionNode = FALSE
	EndGlobalSection
	GlobalSection(ExtensibilityGlobals) = postSolution
		SolutionGuid = {922DFB0D-33CE-4BDA-B4AC-74B9DFAA9817}
	EndGlobalSection
EndGlobal
